// !$*UTF8*$!
{
	archiveVersion = 1;
	classes = {
	};
	objectVersion = 56;
	objects = {

/* Begin PBXBuildFile section */
		921EDBF82A827CF200F8965C /* libreevent_entry_controlApp.swift in Sources */ = {isa = PBXBuildFile; fileRef = 921EDBF72A827CF200F8965C /* libreevent_entry_controlApp.swift */; };
		921EDBFA2A827CF200F8965C /* ContentView.swift in Sources */ = {isa = PBXBuildFile; fileRef = 921EDBF92A827CF200F8965C /* ContentView.swift */; };
		921EDBFC2A827CF400F8965C /* Assets.xcassets in Resources */ = {isa = PBXBuildFile; fileRef = 921EDBFB2A827CF400F8965C /* Assets.xcassets */; };
		921EDBFF2A827CF400F8965C /* Preview Assets.xcassets in Resources */ = {isa = PBXBuildFile; fileRef = 921EDBFE2A827CF400F8965C /* Preview Assets.xcassets */; };
		92DBBD892AA9B6A6006F6094 /* LoginView.swift in Sources */ = {isa = PBXBuildFile; fileRef = 92DBBD882AA9B6A6006F6094 /* LoginView.swift */; };
		92DBBD8C2AA9C0C5006F6094 /* CodeScanner in Frameworks */ = {isa = PBXBuildFile; productRef = 92DBBD8B2AA9C0C5006F6094 /* CodeScanner */; };
		92DBBD922AA9D0AF006F6094 /* Launch Screen.storyboard in Resources */ = {isa = PBXBuildFile; fileRef = 92DBBD912AA9D0AF006F6094 /* Launch Screen.storyboard */; };
/* End PBXBuildFile section */

/* Begin PBXFileReference section */
		921EDBF42A827CF200F8965C /* libreevent-entry-control.app */ = {isa = PBXFileReference; explicitFileType = wrapper.application; includeInIndex = 0; path = "libreevent-entry-control.app"; sourceTree = BUILT_PRODUCTS_DIR; };
		921EDBF72A827CF200F8965C /* libreevent_entry_controlApp.swift */ = {isa = PBXFileReference; lastKnownFileType = sourcecode.swift; path = libreevent_entry_controlApp.swift; sourceTree = "<group>"; };
		921EDBF92A827CF200F8965C /* ContentView.swift */ = {isa = PBXFileReference; lastKnownFileType = sourcecode.swift; path = ContentView.swift; sourceTree = "<group>"; };
		921EDBFB2A827CF400F8965C /* Assets.xcassets */ = {isa = PBXFileReference; lastKnownFileType = folder.assetcatalog; path = Assets.xcassets; sourceTree = "<group>"; };
		921EDBFE2A827CF400F8965C /* Preview Assets.xcassets */ = {isa = PBXFileReference; lastKnownFileType = folder.assetcatalog; path = "Preview Assets.xcassets"; sourceTree = "<group>"; };
		92DBBD882AA9B6A6006F6094 /* LoginView.swift */ = {isa = PBXFileReference; lastKnownFileType = sourcecode.swift; path = LoginView.swift; sourceTree = "<group>"; };
		92DBBD912AA9D0AF006F6094 /* Launch Screen.storyboard */ = {isa = PBXFileReference; lastKnownFileType = file.storyboard; path = "Launch Screen.storyboard"; sourceTree = "<group>"; };
		92DBBD932AA9D5AD006F6094 /* Info.plist */ = {isa = PBXFileReference; lastKnownFileType = text.plist; path = Info.plist; sourceTree = "<group>"; };
/* End PBXFileReference section */

/* Begin PBXFrameworksBuildPhase section */
		921EDBF12A827CF200F8965C /* Frameworks */ = {
			isa = PBXFrameworksBuildPhase;
			buildActionMask = 2147483647;
			files = (
				92DBBD8C2AA9C0C5006F6094 /* CodeScanner in Frameworks */,
			);
			runOnlyForDeploymentPostprocessing = 0;
		};
/* End PBXFrameworksBuildPhase section */

/* Begin PBXGroup section */
		921EDBEB2A827CF200F8965C = {
			isa = PBXGroup;
			children = (
				921EDBF62A827CF200F8965C /* libreevent-entry-control */,
				921EDBF52A827CF200F8965C /* Products */,
			);
			sourceTree = "<group>";
		};
		921EDBF52A827CF200F8965C /* Products */ = {
			isa = PBXGroup;
			children = (
				921EDBF42A827CF200F8965C /* libreevent-entry-control.app */,
			);
			name = Products;
			sourceTree = "<group>";
		};
		921EDBF62A827CF200F8965C /* libreevent-entry-control */ = {
			isa = PBXGroup;
			children = (
				92DBBD932AA9D5AD006F6094 /* Info.plist */,
				921EDBF72A827CF200F8965C /* libreevent_entry_controlApp.swift */,
				921EDBF92A827CF200F8965C /* ContentView.swift */,
				92DBBD882AA9B6A6006F6094 /* LoginView.swift */,
				921EDBFB2A827CF400F8965C /* Assets.xcassets */,
				921EDBFD2A827CF400F8965C /* Preview Content */,
				92DBBD912AA9D0AF006F6094 /* Launch Screen.storyboard */,
			);
			path = "libreevent-entry-control";
			sourceTree = "<group>";
		};
		921EDBFD2A827CF400F8965C /* Preview Content */ = {
			isa = PBXGroup;
			children = (
				921EDBFE2A827CF400F8965C /* Preview Assets.xcassets */,
			);
			path = "Preview Content";
			sourceTree = "<group>";
		};
/* End PBXGroup section */

/* Begin PBXNativeTarget section */
		921EDBF32A827CF200F8965C /* libreevent-entry-control */ = {
			isa = PBXNativeTarget;
			buildConfigurationList = 921EDC022A827CF400F8965C /* Build configuration list for PBXNativeTarget "libreevent-entry-control" */;
			buildPhases = (
				921EDBF02A827CF200F8965C /* Sources */,
				921EDBF12A827CF200F8965C /* Frameworks */,
				921EDBF22A827CF200F8965C /* Resources */,
			);
			buildRules = (
			);
			dependencies = (
			);
			name = "libreevent-entry-control";
			packageProductDependencies = (
				92DBBD8B2AA9C0C5006F6094 /* CodeScanner */,
			);
			productName = "libreevent-entry-control";
			productReference = 921EDBF42A827CF200F8965C /* libreevent-entry-control.app */;
			productType = "com.apple.product-type.application";
		};
/* End PBXNativeTarget section */

/* Begin PBXProject section */
		921EDBEC2A827CF200F8965C /* Project object */ = {
			isa = PBXProject;
			attributes = {
				BuildIndependentTargetsInParallel = 1;
				LastSwiftUpdateCheck = 1420;
				LastUpgradeCheck = 1420;
				TargetAttributes = {
					921EDBF32A827CF200F8965C = {
						CreatedOnToolsVersion = 14.2;
					};
				};
			};
			buildConfigurationList = 921EDBEF2A827CF200F8965C /* Build configuration list for PBXProject "libreevent-entry-control" */;
			compatibilityVersion = "Xcode 14.0";
			developmentRegion = en;
			hasScannedForEncodings = 0;
			knownRegions = (
				en,
				Base,
			);
			mainGroup = 921EDBEB2A827CF200F8965C;
			packageReferences = (
				92DBBD8A2AA9C0C5006F6094 /* XCRemoteSwiftPackageReference "CodeScanner" */,
			);
			productRefGroup = 921EDBF52A827CF200F8965C /* Products */;
			projectDirPath = "";
			projectRoot = "";
			targets = (
				921EDBF32A827CF200F8965C /* libreevent-entry-control */,
			);
		};
/* End PBXProject section */

/* Begin PBXResourcesBuildPhase section */
		921EDBF22A827CF200F8965C /* Resources */ = {
			isa = PBXResourcesBuildPhase;
			buildActionMask = 2147483647;
			files = (
				92DBBD922AA9D0AF006F6094 /* Launch Screen.storyboard in Resources */,
				921EDBFF2A827CF400F8965C /* Preview Assets.xcassets in Resources */,
				921EDBFC2A827CF400F8965C /* Assets.xcassets in Resources */,
			);
			runOnlyForDeploymentPostprocessing = 0;
		};
/* End PBXResourcesBuildPhase section */

/* Begin PBXSourcesBuildPhase section */
		921EDBF02A827CF200F8965C /* Sources */ = {
			isa = PBXSourcesBuildPhase;
			buildActionMask = 2147483647;
			files = (
				92DBBD892AA9B6A6006F6094 /* LoginView.swift in Sources */,
				921EDBFA2A827CF200F8965C /* ContentView.swift in Sources */,
				921EDBF82A827CF200F8965C /* libreevent_entry_controlApp.swift in Sources */,
			);
			runOnlyForDeploymentPostprocessing = 0;
		};
/* End PBXSourcesBuildPhase section */

/* Begin XCBuildConfiguration section */
		921EDC002A827CF400F8965C /* Debug */ = {
			isa = XCBuildConfiguration;
			buildSettings = {
				ALWAYS_SEARCH_USER_PATHS = NO;
				CLANG_ANALYZER_NONNULL = YES;
				CLANG_ANALYZER_NUMBER_OBJECT_CONVERSION = YES_AGGRESSIVE;
				CLANG_CXX_LANGUAGE_STANDARD = "gnu++20";
				CLANG_ENABLE_MODULES = YES;
				CLANG_ENABLE_OBJC_ARC = YES;
				CLANG_ENABLE_OBJC_WEAK = YES;
				CLANG_WARN_BLOCK_CAPTURE_AUTORELEASING = YES;
				CLANG_WARN_BOOL_CONVERSION = YES;
				CLANG_WARN_COMMA = YES;
				CLANG_WARN_CONSTANT_CONVERSION = YES;
				CLANG_WARN_DEPRECATED_OBJC_IMPLEMENTATIONS = YES;
				CLANG_WARN_DIRECT_OBJC_ISA_USAGE = YES_ERROR;
				CLANG_WARN_DOCUMENTATION_COMMENTS = YES;
				CLANG_WARN_EMPTY_BODY = YES;
				CLANG_WARN_ENUM_CONVERSION = YES;
				CLANG_WARN_INFINITE_RECURSION = YES;
				CLANG_WARN_INT_CONVERSION = YES;
				CLANG_WARN_NON_LITERAL_NULL_CONVERSION = YES;
				CLANG_WARN_OBJC_IMPLICIT_RETAIN_SELF = YES;
				CLANG_WARN_OBJC_LITERAL_CONVERSION = YES;
				CLANG_WARN_OBJC_ROOT_CLASS = YES_ERROR;
				CLANG_WARN_QUOTED_INCLUDE_IN_FRAMEWORK_HEADER = YES;
				CLANG_WARN_RANGE_LOOP_ANALYSIS = YES;
				CLANG_WARN_STRICT_PROTOTYPES = YES;
				CLANG_WARN_SUSPICIOUS_MOVE = YES;
				CLANG_WARN_UNGUARDED_AVAILABILITY = YES_AGGRESSIVE;
				CLANG_WARN_UNREACHABLE_CODE = YES;
				CLANG_WARN__DUPLICATE_METHOD_MATCH = YES;
				COPY_PHASE_STRIP = NO;
				DEBUG_INFORMATION_FORMAT = dwarf;
				ENABLE_STRICT_OBJC_MSGSEND = YES;
				ENABLE_TESTABILITY = YES;
				GCC_C_LANGUAGE_STANDARD = gnu11;
				GCC_DYNAMIC_NO_PIC = NO;
				GCC_NO_COMMON_BLOCKS = YES;
				GCC_OPTIMIZATION_LEVEL = 0;
				GCC_PREPROCESSOR_DEFINITIONS = (
					"DEBUG=1",
					"$(inherited)",
				);
				GCC_WARN_64_TO_32_BIT_CONVERSION = YES;
				GCC_WARN_ABOUT_RETURN_TYPE = YES_ERROR;
				GCC_WARN_UNDECLARED_SELECTOR = YES;
				GCC_WARN_UNINITIALIZED_AUTOS = YES_AGGRESSIVE;
				GCC_WARN_UNUSED_FUNCTION = YES;
				GCC_WARN_UNUSED_VARIABLE = YES;
				IPHONEOS_DEPLOYMENT_TARGET = 16.2;
				MTL_ENABLE_DEBUG_INFO = INCLUDE_SOURCE;
				MTL_FAST_MATH = YES;
				ONLY_ACTIVE_ARCH = YES;
				SDKROOT = iphoneos;
				SWIFT_ACTIVE_COMPILATION_CONDITIONS = DEBUG;
				SWIFT_OPTIMIZATION_LEVEL = "-Onone";
			};
			name = Debug;
		};
		921EDC012A827CF400F8965C /* Release */ = {
			isa = XCBuildConfiguration;
			buildSettings = {
				ALWAYS_SEARCH_USER_PATHS = NO;
				CLANG_ANALYZER_NONNULL = YES;
				CLANG_ANALYZER_NUMBER_OBJECT_CONVERSION = YES_AGGRESSIVE;
				CLANG_CXX_LANGUAGE_STANDARD = "gnu++20";
				CLANG_ENABLE_MODULES = YES;
				CLANG_ENABLE_OBJC_ARC = YES;
				CLANG_ENABLE_OBJC_WEAK = YES;
				CLANG_WARN_BLOCK_CAPTURE_AUTORELEASING = YES;
				CLANG_WARN_BOOL_CONVERSION = YES;
				CLANG_WARN_COMMA = YES;
				CLANG_WARN_CONSTANT_CONVERSION = YES;
				CLANG_WARN_DEPRECATED_OBJC_IMPLEMENTATIONS = YES;
				CLANG_WARN_DIRECT_OBJC_ISA_USAGE = YES_ERROR;
				CLANG_WARN_DOCUMENTATION_COMMENTS = YES;
				CLANG_WARN_EMPTY_BODY = YES;
				CLANG_WARN_ENUM_CONVERSION = YES;
				CLANG_WARN_INFINITE_RECURSION = YES;
				CLANG_WARN_INT_CONVERSION = YES;
				CLANG_WARN_NON_LITERAL_NULL_CONVERSION = YES;
				CLANG_WARN_OBJC_IMPLICIT_RETAIN_SELF = YES;
				CLANG_WARN_OBJC_LITERAL_CONVERSION = YES;
				CLANG_WARN_OBJC_ROOT_CLASS = YES_ERROR;
				CLANG_WARN_QUOTED_INCLUDE_IN_FRAMEWORK_HEADER = YES;
				CLANG_WARN_RANGE_LOOP_ANALYSIS = YES;
				CLANG_WARN_STRICT_PROTOTYPES = YES;
				CLANG_WARN_SUSPICIOUS_MOVE = YES;
				CLANG_WARN_UNGUARDED_AVAILABILITY = YES_AGGRESSIVE;
				CLANG_WARN_UNREACHABLE_CODE = YES;
				CLANG_WARN__DUPLICATE_METHOD_MATCH = YES;
				COPY_PHASE_STRIP = NO;
				DEBUG_INFORMATION_FORMAT = "dwarf-with-dsym";
				ENABLE_NS_ASSERTIONS = NO;
				ENABLE_STRICT_OBJC_MSGSEND = YES;
				GCC_C_LANGUAGE_STANDARD = gnu11;
				GCC_NO_COMMON_BLOCKS = YES;
				GCC_WARN_64_TO_32_BIT_CONVERSION = YES;
				GCC_WARN_ABOUT_RETURN_TYPE = YES_ERROR;
				GCC_WARN_UNDECLARED_SELECTOR = YES;
				GCC_WARN_UNINITIALIZED_AUTOS = YES_AGGRESSIVE;
				GCC_WARN_UNUSED_FUNCTION = YES;
				GCC_WARN_UNUSED_VARIABLE = YES;
				IPHONEOS_DEPLOYMENT_TARGET = 16.2;
				MTL_ENABLE_DEBUG_INFO = NO;
				MTL_FAST_MATH = YES;
				SDKROOT = iphoneos;
				SWIFT_COMPILATION_MODE = wholemodule;
				SWIFT_OPTIMIZATION_LEVEL = "-O";
				VALIDATE_PRODUCT = YES;
			};
			name = Release;
		};
		921EDC032A827CF400F8965C /* Debug */ = {
			isa = XCBuildConfiguration;
			buildSettings = {
				ASSETCATALOG_COMPILER_APPICON_NAME = AppIcon;
				ASSETCATALOG_COMPILER_GLOBAL_ACCENT_COLOR_NAME = AccentColor;
				CODE_SIGN_STYLE = Automatic;
				CURRENT_PROJECT_VERSION = 2;
				DEVELOPMENT_ASSET_PATHS = "\"libreevent-entry-control/Preview Content\"";
				DEVELOPMENT_TEAM = 8CRQNHKNVF;
				ENABLE_PREVIEWS = YES;
				GENERATE_INFOPLIST_FILE = YES;
				INFOPLIST_FILE = "libreevent-entry-control/Info.plist";
				INFOPLIST_KEY_CFBundleDisplayName = libreevent;
				INFOPLIST_KEY_LSApplicationCategoryType = "public.app-category.business";
				INFOPLIST_KEY_NSCameraUsageDescription = "We need to scan QR codes";
				INFOPLIST_KEY_UIApplicationSceneManifest_Generation = YES;
				INFOPLIST_KEY_UIApplicationSupportsIndirectInputEvents = YES;
				INFOPLIST_KEY_UILaunchScreen_Generation = YES;
				INFOPLIST_KEY_UILaunchStoryboardName = "Launch Screen.storyboard";
				INFOPLIST_KEY_UISupportedInterfaceOrientations_iPad = "UIInterfaceOrientationPortrait UIInterfaceOrientationPortraitUpsideDown UIInterfaceOrientationLandscapeLeft UIInterfaceOrientationLandscapeRight";
				INFOPLIST_KEY_UISupportedInterfaceOrientations_iPhone = "UIInterfaceOrientationPortrait UIInterfaceOrientationLandscapeLeft UIInterfaceOrientationLandscapeRight";
				IPHONEOS_DEPLOYMENT_TARGET = 16.0;
				LD_RUNPATH_SEARCH_PATHS = (
					"$(inherited)",
					"@executable_path/Frameworks",
				);
				MARKETING_VERSION = 1;
				PRODUCT_BUNDLE_IDENTIFIER = "com.janishutz.libreevent-entry-control";
				PRODUCT_NAME = "$(TARGET_NAME)";
				SWIFT_EMIT_LOC_STRINGS = YES;
				SWIFT_VERSION = 5.0;
				TARGETED_DEVICE_FAMILY = "1,2";
			};
			name = Debug;
		};
		921EDC042A827CF400F8965C /* Release */ = {
			isa = XCBuildConfiguration;
			buildSettings = {
				ASSETCATALOG_COMPILER_APPICON_NAME = AppIcon;
				ASSETCATALOG_COMPILER_GLOBAL_ACCENT_COLOR_NAME = AccentColor;
				CODE_SIGN_STYLE = Automatic;
				CURRENT_PROJECT_VERSION = 2;
				DEVELOPMENT_ASSET_PATHS = "\"libreevent-entry-control/Preview Content\"";
				DEVELOPMENT_TEAM = 8CRQNHKNVF;
				ENABLE_PREVIEWS = YES;
				GENERATE_INFOPLIST_FILE = YES;
				INFOPLIST_FILE = "libreevent-entry-control/Info.plist";
				INFOPLIST_KEY_CFBundleDisplayName = libreevent;
				INFOPLIST_KEY_LSApplicationCategoryType = "public.app-category.business";
				INFOPLIST_KEY_NSCameraUsageDescription = "We need to scan QR codes";
				INFOPLIST_KEY_UIApplicationSceneManifest_Generation = YES;
				INFOPLIST_KEY_UIApplicationSupportsIndirectInputEvents = YES;
				INFOPLIST_KEY_UILaunchScreen_Generation = YES;
				INFOPLIST_KEY_UILaunchStoryboardName = "Launch Screen.storyboard";
				INFOPLIST_KEY_UISupportedInterfaceOrientations_iPad = "UIInterfaceOrientationPortrait UIInterfaceOrientationPortraitUpsideDown UIInterfaceOrientationLandscapeLeft UIInterfaceOrientationLandscapeRight";
				INFOPLIST_KEY_UISupportedInterfaceOrientations_iPhone = "UIInterfaceOrientationPortrait UIInterfaceOrientationLandscapeLeft UIInterfaceOrientationLandscapeRight";
				IPHONEOS_DEPLOYMENT_TARGET = 16.0;
				LD_RUNPATH_SEARCH_PATHS = (
					"$(inherited)",
					"@executable_path/Frameworks",
				);
				MARKETING_VERSION = 1;
				PRODUCT_BUNDLE_IDENTIFIER = "com.janishutz.libreevent-entry-control";
				PRODUCT_NAME = "$(TARGET_NAME)";
				SWIFT_EMIT_LOC_STRINGS = YES;
				SWIFT_VERSION = 5.0;
				TARGETED_DEVICE_FAMILY = "1,2";
			};
			name = Release;
		};
/* End XCBuildConfiguration section */

/* Begin XCConfigurationList section */
		921EDBEF2A827CF200F8965C /* Build configuration list for PBXProject "libreevent-entry-control" */ = {
			isa = XCConfigurationList;
			buildConfigurations = (
				921EDC002A827CF400F8965C /* Debug */,
				921EDC012A827CF400F8965C /* Release */,
			);
			defaultConfigurationIsVisible = 0;
			defaultConfigurationName = Release;
		};
		921EDC022A827CF400F8965C /* Build configuration list for PBXNativeTarget "libreevent-entry-control" */ = {
			isa = XCConfigurationList;
			buildConfigurations = (
				921EDC032A827CF400F8965C /* Debug */,
				921EDC042A827CF400F8965C /* Release */,
			);
			defaultConfigurationIsVisible = 0;
			defaultConfigurationName = Release;
		};
/* End XCConfigurationList section */

/* Begin XCRemoteSwiftPackageReference section */
		92DBBD8A2AA9C0C5006F6094 /* XCRemoteSwiftPackageReference "CodeScanner" */ = {
			isa = XCRemoteSwiftPackageReference;
			repositoryURL = "https://github.com/twostraws/CodeScanner";
			requirement = {
				kind = upToNextMajorVersion;
				minimumVersion = 2.0.0;
			};
		};
/* End XCRemoteSwiftPackageReference section */

/* Begin XCSwiftPackageProductDependency section */
		92DBBD8B2AA9C0C5006F6094 /* CodeScanner */ = {
			isa = XCSwiftPackageProductDependency;
			package = 92DBBD8A2AA9C0C5006F6094 /* XCRemoteSwiftPackageReference "CodeScanner" */;
			productName = CodeScanner;
		};
/* End XCSwiftPackageProductDependency section */
	};
	rootObject = 921EDBEC2A827CF200F8965C /* Project object */;
}
